{
  "pins" : [
    {
      "identity" : "carch",
      "kind" : "remoteSourceControl",
      "location" : "https://github.com/ayham-achami/CArch.git",
      "state" : {
        "branch" : "feature/v-3.0.0",
        "revision" : "514ed57a69d6ba42e04e68c408243e9e59998116"
      }
    },
    {
      "identity" : "swift-syntax",
      "kind" : "remoteSourceControl",
      "location" : "https://github.com/apple/swift-syntax.git",
      "state" : {
        "revision" : "74203046135342e4a4a627476dd6caf8b28fe11b",
        "version" : "509.0.0"
      }
    },
    {
      "identity" : "swiftgenplugin",
      "kind" : "remoteSourceControl",
      "location" : "https://github.com/SwiftGen/SwiftGenPlugin",
      "state" : {
        "revision" : "879b85a470cacd70c19e22eb7e11a3aed66f4068",
        "version" : "6.6.2"
      }
    }
  ],
  "version" : 2
}
